{
  "requires": true,
  "lockfileVersion": 1,
  "dependencies": {
    "deep-equal": {
      "version": "1.0.1",
      "resolved": "https://registry.npmjs.org/deep-equal/-/deep-equal-1.0.1.tgz",
      "integrity": "sha1-9dJgKStmDghO/0zbyfCK0yR0SLU="
    },
    "es6-promise": {
      "version": "4.0.5",
      "resolved": "https://registry.npmjs.org/es6-promise/-/es6-promise-4.0.5.tgz",
      "integrity": "sha1-eILzCt3lskDM+n99eMVIMwlRrkI="
    },
    "simple-vue-validator": {
      "version": "0.16.0",
      "resolved": "https://registry.npmjs.org/simple-vue-validator/-/simple-vue-validator-0.16.0.tgz",
      "integrity": "sha512-M9/Tgprpww/7oEv4qiXavvYVMpx6qrQ+ryJbSDOrXva8yq5SFoDfwbrL3LWGPsnNsFr4cF1y8RW+AAuC018WGg==",
      "requires": {
        "deep-equal": "1.0.1",
        "es6-promise": "4.0.5"
      }
    }
  }
}
